// !$*UTF8*$!
{
	archiveVersion = 1;
	classes = {
	};
	objectVersion = 56;
	objects = {

/* Begin PBXBuildFile section */
		A4A3AD9F2C240A10002F70D6 /* AppDelegate.swift in Sources */ = {isa = PBXBuildFile; fileRef = A4A3AD9E2C240A10002F70D6 /* AppDelegate.swift */; };
		A4A3ADA12C240A10002F70D6 /* SceneDelegate.swift in Sources */ = {isa = PBXBuildFile; fileRef = A4A3ADA02C240A10002F70D6 /* SceneDelegate.swift */; };
		A4A3ADA62C240A10002F70D6 /* Base in Resources */ = {isa = PBXBuildFile; fileRef = A4A3ADA52C240A10002F70D6 /* Base */; };
		A4A3ADA92C240A10002F70D6 /* Pokemon.xcdatamodeld in Sources */ = {isa = PBXBuildFile; fileRef = A4A3ADA72C240A10002F70D6 /* Pokemon.xcdatamodeld */; };
		A4A3ADAB2C240A11002F70D6 /* Assets.xcassets in Resources */ = {isa = PBXBuildFile; fileRef = A4A3ADAA2C240A11002F70D6 /* Assets.xcassets */; };
		A4A3ADAE2C240A11002F70D6 /* Base in Resources */ = {isa = PBXBuildFile; fileRef = A4A3ADAD2C240A11002F70D6 /* Base */; };
		A4A3ADC32C240A11002F70D6 /* PokemonUITests.swift in Sources */ = {isa = PBXBuildFile; fileRef = A4A3ADC22C240A11002F70D6 /* PokemonUITests.swift */; };
		A4A3ADC52C240A11002F70D6 /* PokemonUITestsLaunchTests.swift in Sources */ = {isa = PBXBuildFile; fileRef = A4A3ADC42C240A11002F70D6 /* PokemonUITestsLaunchTests.swift */; };
		A4B4EC3E2C240F5500C9EDCE /* ExColor.swift in Sources */ = {isa = PBXBuildFile; fileRef = A4B4EC3D2C240F5500C9EDCE /* ExColor.swift */; };
		A4B4EC402C240F6A00C9EDCE /* ExImage.swift in Sources */ = {isa = PBXBuildFile; fileRef = A4B4EC3F2C240F6A00C9EDCE /* ExImage.swift */; };
		A4B4EC422C240F8300C9EDCE /* ExUIView.swift in Sources */ = {isa = PBXBuildFile; fileRef = A4B4EC412C240F8300C9EDCE /* ExUIView.swift */; };
		A4B4EC442C240FA100C9EDCE /* DataErrors.swift in Sources */ = {isa = PBXBuildFile; fileRef = A4B4EC432C240FA100C9EDCE /* DataErrors.swift */; };
		A4B4EC462C24111E00C9EDCE /* DateHelper.swift in Sources */ = {isa = PBXBuildFile; fileRef = A4B4EC452C24111E00C9EDCE /* DateHelper.swift */; };
		A4B4EC482C24112F00C9EDCE /* PrefHelper.swift in Sources */ = {isa = PBXBuildFile; fileRef = A4B4EC472C24112F00C9EDCE /* PrefHelper.swift */; };
		A4B4EC4A2C24114200C9EDCE /* FileHelper.swift in Sources */ = {isa = PBXBuildFile; fileRef = A4B4EC492C24114200C9EDCE /* FileHelper.swift */; };
		A4B4EC4C2C24115E00C9EDCE /* FontFactory.swift in Sources */ = {isa = PBXBuildFile; fileRef = A4B4EC4B2C24115E00C9EDCE /* FontFactory.swift */; };
		A4B4EC4E2C24117600C9EDCE /* ColorFactory.swift in Sources */ = {isa = PBXBuildFile; fileRef = A4B4EC4D2C24117600C9EDCE /* ColorFactory.swift */; };
		A4B4EC502C24118600C9EDCE /* UIFactory.swift in Sources */ = {isa = PBXBuildFile; fileRef = A4B4EC4F2C24118600C9EDCE /* UIFactory.swift */; };
		A4B4EC522C24119B00C9EDCE /* LanguageManager.swift in Sources */ = {isa = PBXBuildFile; fileRef = A4B4EC512C24119B00C9EDCE /* LanguageManager.swift */; };
		A4B4EC542C2411C600C9EDCE /* MainTabBarController.swift in Sources */ = {isa = PBXBuildFile; fileRef = A4B4EC532C2411C600C9EDCE /* MainTabBarController.swift */; };
		A4B4EC562C24123F00C9EDCE /* HomeViewController.swift in Sources */ = {isa = PBXBuildFile; fileRef = A4B4EC552C24123F00C9EDCE /* HomeViewController.swift */; };
		A4B4EC582C24130600C9EDCE /* ExUISearchBar.swift in Sources */ = {isa = PBXBuildFile; fileRef = A4B4EC572C24130600C9EDCE /* ExUISearchBar.swift */; };
		A4B4EC5A2C24156000C9EDCE /* PokemonListModel.swift in Sources */ = {isa = PBXBuildFile; fileRef = A4B4EC592C24156000C9EDCE /* PokemonListModel.swift */; };
		A4B4EC5F2C241D0900C9EDCE /* RequestManager.swift in Sources */ = {isa = PBXBuildFile; fileRef = A4B4EC5E2C241D0900C9EDCE /* RequestManager.swift */; };
		A4B4EC612C241D5100C9EDCE /* JsonParserStrategy.swift in Sources */ = {isa = PBXBuildFile; fileRef = A4B4EC602C241D5100C9EDCE /* JsonParserStrategy.swift */; };
		A4B4EC642C241D9000C9EDCE /* PokemonListParser.swift in Sources */ = {isa = PBXBuildFile; fileRef = A4B4EC632C241D9000C9EDCE /* PokemonListParser.swift */; };
		A4B4EC682C241DF300C9EDCE /* DataLoadingProtocol.swift in Sources */ = {isa = PBXBuildFile; fileRef = A4B4EC672C241DF300C9EDCE /* DataLoadingProtocol.swift */; };
		A4B4EC6A2C241E0500C9EDCE /* DataLoader.swift in Sources */ = {isa = PBXBuildFile; fileRef = A4B4EC692C241E0500C9EDCE /* DataLoader.swift */; };
		A4B4EC6C2C241E2300C9EDCE /* LoadFileStrategy.swift in Sources */ = {isa = PBXBuildFile; fileRef = A4B4EC6B2C241E2300C9EDCE /* LoadFileStrategy.swift */; };
		A4B4EC6E2C241E3D00C9EDCE /* ParseStrategy.swift in Sources */ = {isa = PBXBuildFile; fileRef = A4B4EC6D2C241E3D00C9EDCE /* ParseStrategy.swift */; };
		A4B4EC702C241F1300C9EDCE /* PokemonListLoader.swift in Sources */ = {isa = PBXBuildFile; fileRef = A4B4EC6F2C241F1300C9EDCE /* PokemonListLoader.swift */; };
		A4B4EC722C2420A100C9EDCE /* JsonHelper.swift in Sources */ = {isa = PBXBuildFile; fileRef = A4B4EC712C2420A100C9EDCE /* JsonHelper.swift */; };
		A4B4EC742C24250A00C9EDCE /* PokemonListViewModel.swift in Sources */ = {isa = PBXBuildFile; fileRef = A4B4EC732C24250A00C9EDCE /* PokemonListViewModel.swift */; };
		A4B4EC7A2C2433AC00C9EDCE /* PokemonDetailModel.swift in Sources */ = {isa = PBXBuildFile; fileRef = A4B4EC792C2433AC00C9EDCE /* PokemonDetailModel.swift */; };
		A4B4EC7C2C24377700C9EDCE /* PokemonDetailViewModel.swift in Sources */ = {isa = PBXBuildFile; fileRef = A4B4EC7B2C24377700C9EDCE /* PokemonDetailViewModel.swift */; };
		A4B4EC7E2C2439C500C9EDCE /* PokemonDetailParser.swift in Sources */ = {isa = PBXBuildFile; fileRef = A4B4EC7D2C2439C500C9EDCE /* PokemonDetailParser.swift */; };
		A4B4EC802C2439EE00C9EDCE /* PokemonDetailLoader.swift in Sources */ = {isa = PBXBuildFile; fileRef = A4B4EC7F2C2439EE00C9EDCE /* PokemonDetailLoader.swift */; };
		A4B4EC822C25195800C9EDCE /* PokemonTypeListModel.swift in Sources */ = {isa = PBXBuildFile; fileRef = A4B4EC812C25195800C9EDCE /* PokemonTypeListModel.swift */; };
		A4B4EC842C251A0000C9EDCE /* test.json in Resources */ = {isa = PBXBuildFile; fileRef = A4B4EC832C251A0000C9EDCE /* test.json */; };
		A4B4EC862C251ABC00C9EDCE /* PokemonTypeDetailModel.swift in Sources */ = {isa = PBXBuildFile; fileRef = A4B4EC852C251ABC00C9EDCE /* PokemonTypeDetailModel.swift */; };
		A4B4EC882C252D8B00C9EDCE /* PokemonTypeListLoader.swift in Sources */ = {isa = PBXBuildFile; fileRef = A4B4EC872C252D8B00C9EDCE /* PokemonTypeListLoader.swift */; };
		A4B4EC8A2C252D9A00C9EDCE /* PokemonTypeDetailLoader.swift in Sources */ = {isa = PBXBuildFile; fileRef = A4B4EC892C252D9A00C9EDCE /* PokemonTypeDetailLoader.swift */; };
		A4B4EC8C2C252DAA00C9EDCE /* PokemonTypeListParser.swift in Sources */ = {isa = PBXBuildFile; fileRef = A4B4EC8B2C252DAA00C9EDCE /* PokemonTypeListParser.swift */; };
		A4B4EC8E2C252DBC00C9EDCE /* PokemonTypeDetailParser.swift in Sources */ = {isa = PBXBuildFile; fileRef = A4B4EC8D2C252DBC00C9EDCE /* PokemonTypeDetailParser.swift */; };
		A4B4EC942C254A1000C9EDCE /* PokemonListLoaderTests.swift in Sources */ = {isa = PBXBuildFile; fileRef = A4B4EC932C254A1000C9EDCE /* PokemonListLoaderTests.swift */; };
		A4B4EC962C254A1E00C9EDCE /* PokemonDetailLoaderTests.swift in Sources */ = {isa = PBXBuildFile; fileRef = A4B4EC952C254A1E00C9EDCE /* PokemonDetailLoaderTests.swift */; };
		A4B4EC982C254A2C00C9EDCE /* PokemonTypeListLoaderTests.swift in Sources */ = {isa = PBXBuildFile; fileRef = A4B4EC972C254A2C00C9EDCE /* PokemonTypeListLoaderTests.swift */; };
		A4B4EC9A2C254A3700C9EDCE /* PokemonTypeDetailLoaderTests.swift in Sources */ = {isa = PBXBuildFile; fileRef = A4B4EC992C254A3700C9EDCE /* PokemonTypeDetailLoaderTests.swift */; };
		A4B4EC9C2C254A5D00C9EDCE /* PokemonTypeViewModel.swift in Sources */ = {isa = PBXBuildFile; fileRef = A4B4EC9B2C254A5D00C9EDCE /* PokemonTypeViewModel.swift */; };
		A4B4ECA02C2566FE00C9EDCE /* PokemonListViewModelTests.swift in Sources */ = {isa = PBXBuildFile; fileRef = A4B4EC9F2C2566FE00C9EDCE /* PokemonListViewModelTests.swift */; };
		A4B4ECA22C25670700C9EDCE /* PokemonDetailViewModelTests.swift in Sources */ = {isa = PBXBuildFile; fileRef = A4B4ECA12C25670700C9EDCE /* PokemonDetailViewModelTests.swift */; };
		A4B4ECA42C25671200C9EDCE /* PokemonTypeViewModelTests.swift in Sources */ = {isa = PBXBuildFile; fileRef = A4B4ECA32C25671200C9EDCE /* PokemonTypeViewModelTests.swift */; };
		A4B4ECA72C259D2E00C9EDCE /* HomeNavigationHeader.swift in Sources */ = {isa = PBXBuildFile; fileRef = A4B4ECA62C259D2E00C9EDCE /* HomeNavigationHeader.swift */; };
		A4B4ECA92C259D5600C9EDCE /* HomePokemonListCell.swift in Sources */ = {isa = PBXBuildFile; fileRef = A4B4ECA82C259D5600C9EDCE /* HomePokemonListCell.swift */; };
		A4B4ECAB2C259D6700C9EDCE /* HomePokemonGridCell.swift in Sources */ = {isa = PBXBuildFile; fileRef = A4B4ECAA2C259D6700C9EDCE /* HomePokemonGridCell.swift */; };
		A4B4ECAD2C25A03700C9EDCE /* HomeNavigationModel.swift in Sources */ = {isa = PBXBuildFile; fileRef = A4B4ECAC2C25A03700C9EDCE /* HomeNavigationModel.swift */; };
		A4B4ECAF2C25A74700C9EDCE /* HomePokemonListModel.swift in Sources */ = {isa = PBXBuildFile; fileRef = A4B4ECAE2C25A74700C9EDCE /* HomePokemonListModel.swift */; };
		A4B4ECB32C25A8AC00C9EDCE /* ImageLoader.swift in Sources */ = {isa = PBXBuildFile; fileRef = A4B4ECB22C25A8AC00C9EDCE /* ImageLoader.swift */; };
		A4B4ECB52C25A90D00C9EDCE /* ImageLoaderTests.swift in Sources */ = {isa = PBXBuildFile; fileRef = A4B4ECB42C25A90D00C9EDCE /* ImageLoaderTests.swift */; };
		A4B4ECB72C25A9F000C9EDCE /* DownloadImageViewModel.swift in Sources */ = {isa = PBXBuildFile; fileRef = A4B4ECB62C25A9F000C9EDCE /* DownloadImageViewModel.swift */; };
		A4B4ECBF2C26672800C9EDCE /* SnapKit in Frameworks */ = {isa = PBXBuildFile; productRef = A4B4ECBE2C26672800C9EDCE /* SnapKit */; };
		A4B4ECC32C266A8E00C9EDCE /* RealmPokemonModel.swift in Sources */ = {isa = PBXBuildFile; fileRef = A4B4ECC22C266A8E00C9EDCE /* RealmPokemonModel.swift */; };
		A4B4ECC52C266B7F00C9EDCE /* RealmManager.swift in Sources */ = {isa = PBXBuildFile; fileRef = A4B4ECC42C266B7F00C9EDCE /* RealmManager.swift */; };
		A4B4ECCC2C266F2300C9EDCE /* RealmSwift in Frameworks */ = {isa = PBXBuildFile; productRef = A4B4ECCB2C266F2300C9EDCE /* RealmSwift */; };
		A4B4ECCD2C266F2300C9EDCE /* RealmSwift in Embed Frameworks */ = {isa = PBXBuildFile; productRef = A4B4ECCB2C266F2300C9EDCE /* RealmSwift */; settings = {ATTRIBUTES = (CodeSignOnCopy, ); }; };
/* End PBXBuildFile section */

/* Begin PBXContainerItemProxy section */
		A4A3ADB52C240A11002F70D6 /* PBXContainerItemProxy */ = {
			isa = PBXContainerItemProxy;
			containerPortal = A4A3AD932C240A10002F70D6 /* Project object */;
			proxyType = 1;
			remoteGlobalIDString = A4A3AD9A2C240A10002F70D6;
			remoteInfo = Pokemon;
		};
		A4A3ADBF2C240A11002F70D6 /* PBXContainerItemProxy */ = {
			isa = PBXContainerItemProxy;
			containerPortal = A4A3AD932C240A10002F70D6 /* Project object */;
			proxyType = 1;
			remoteGlobalIDString = A4A3AD9A2C240A10002F70D6;
			remoteInfo = Pokemon;
		};
/* End PBXContainerItemProxy section */

/* Begin PBXCopyFilesBuildPhase section */
		A4B4ECCA2C266F1F00C9EDCE /* Embed Frameworks */ = {
			isa = PBXCopyFilesBuildPhase;
			buildActionMask = 2147483647;
			dstPath = "";
			dstSubfolderSpec = 10;
			files = (
				A4B4ECCD2C266F2300C9EDCE /* RealmSwift in Embed Frameworks */,
			);
			name = "Embed Frameworks";
			runOnlyForDeploymentPostprocessing = 0;
		};
		A4B4ECD12C26827600C9EDCE /* Embed Frameworks */ = {
			isa = PBXCopyFilesBuildPhase;
			buildActionMask = 2147483647;
			dstPath = "";
			dstSubfolderSpec = 10;
			files = (
			);
			name = "Embed Frameworks";
			runOnlyForDeploymentPostprocessing = 0;
		};
/* End PBXCopyFilesBuildPhase section */

/* Begin PBXFileReference section */
		A4A3AD9B2C240A10002F70D6 /* Pokemon.app */ = {isa = PBXFileReference; explicitFileType = wrapper.application; includeInIndex = 0; path = Pokemon.app; sourceTree = BUILT_PRODUCTS_DIR; };
		A4A3AD9E2C240A10002F70D6 /* AppDelegate.swift */ = {isa = PBXFileReference; lastKnownFileType = sourcecode.swift; path = AppDelegate.swift; sourceTree = "<group>"; };
		A4A3ADA02C240A10002F70D6 /* SceneDelegate.swift */ = {isa = PBXFileReference; lastKnownFileType = sourcecode.swift; path = SceneDelegate.swift; sourceTree = "<group>"; };
		A4A3ADA52C240A10002F70D6 /* Base */ = {isa = PBXFileReference; lastKnownFileType = file.storyboard; name = Base; path = Base.lproj/Main.storyboard; sourceTree = "<group>"; };
		A4A3ADA82C240A10002F70D6 /* Pokemon.xcdatamodel */ = {isa = PBXFileReference; lastKnownFileType = wrapper.xcdatamodel; path = Pokemon.xcdatamodel; sourceTree = "<group>"; };
		A4A3ADAA2C240A11002F70D6 /* Assets.xcassets */ = {isa = PBXFileReference; lastKnownFileType = folder.assetcatalog; path = Assets.xcassets; sourceTree = "<group>"; };
		A4A3ADAD2C240A11002F70D6 /* Base */ = {isa = PBXFileReference; lastKnownFileType = file.storyboard; name = Base; path = Base.lproj/LaunchScreen.storyboard; sourceTree = "<group>"; };
		A4A3ADAF2C240A11002F70D6 /* Info.plist */ = {isa = PBXFileReference; lastKnownFileType = text.plist.xml; path = Info.plist; sourceTree = "<group>"; };
		A4A3ADB42C240A11002F70D6 /* PokemonTests.xctest */ = {isa = PBXFileReference; explicitFileType = wrapper.cfbundle; includeInIndex = 0; path = PokemonTests.xctest; sourceTree = BUILT_PRODUCTS_DIR; };
		A4A3ADBE2C240A11002F70D6 /* PokemonUITests.xctest */ = {isa = PBXFileReference; explicitFileType = wrapper.cfbundle; includeInIndex = 0; path = PokemonUITests.xctest; sourceTree = BUILT_PRODUCTS_DIR; };
		A4A3ADC22C240A11002F70D6 /* PokemonUITests.swift */ = {isa = PBXFileReference; lastKnownFileType = sourcecode.swift; path = PokemonUITests.swift; sourceTree = "<group>"; };
		A4A3ADC42C240A11002F70D6 /* PokemonUITestsLaunchTests.swift */ = {isa = PBXFileReference; lastKnownFileType = sourcecode.swift; path = PokemonUITestsLaunchTests.swift; sourceTree = "<group>"; };
		A4B4EC3D2C240F5500C9EDCE /* ExColor.swift */ = {isa = PBXFileReference; lastKnownFileType = sourcecode.swift; path = ExColor.swift; sourceTree = "<group>"; };
		A4B4EC3F2C240F6A00C9EDCE /* ExImage.swift */ = {isa = PBXFileReference; lastKnownFileType = sourcecode.swift; path = ExImage.swift; sourceTree = "<group>"; };
		A4B4EC412C240F8300C9EDCE /* ExUIView.swift */ = {isa = PBXFileReference; lastKnownFileType = sourcecode.swift; path = ExUIView.swift; sourceTree = "<group>"; };
		A4B4EC432C240FA100C9EDCE /* DataErrors.swift */ = {isa = PBXFileReference; lastKnownFileType = sourcecode.swift; path = DataErrors.swift; sourceTree = "<group>"; };
		A4B4EC452C24111E00C9EDCE /* DateHelper.swift */ = {isa = PBXFileReference; lastKnownFileType = sourcecode.swift; path = DateHelper.swift; sourceTree = "<group>"; };
		A4B4EC472C24112F00C9EDCE /* PrefHelper.swift */ = {isa = PBXFileReference; lastKnownFileType = sourcecode.swift; path = PrefHelper.swift; sourceTree = "<group>"; };
		A4B4EC492C24114200C9EDCE /* FileHelper.swift */ = {isa = PBXFileReference; lastKnownFileType = sourcecode.swift; path = FileHelper.swift; sourceTree = "<group>"; };
		A4B4EC4B2C24115E00C9EDCE /* FontFactory.swift */ = {isa = PBXFileReference; lastKnownFileType = sourcecode.swift; path = FontFactory.swift; sourceTree = "<group>"; };
		A4B4EC4D2C24117600C9EDCE /* ColorFactory.swift */ = {isa = PBXFileReference; lastKnownFileType = sourcecode.swift; path = ColorFactory.swift; sourceTree = "<group>"; };
		A4B4EC4F2C24118600C9EDCE /* UIFactory.swift */ = {isa = PBXFileReference; lastKnownFileType = sourcecode.swift; path = UIFactory.swift; sourceTree = "<group>"; };
		A4B4EC512C24119B00C9EDCE /* LanguageManager.swift */ = {isa = PBXFileReference; lastKnownFileType = sourcecode.swift; path = LanguageManager.swift; sourceTree = "<group>"; };
		A4B4EC532C2411C600C9EDCE /* MainTabBarController.swift */ = {isa = PBXFileReference; lastKnownFileType = sourcecode.swift; path = MainTabBarController.swift; sourceTree = "<group>"; };
		A4B4EC552C24123F00C9EDCE /* HomeViewController.swift */ = {isa = PBXFileReference; lastKnownFileType = sourcecode.swift; path = HomeViewController.swift; sourceTree = "<group>"; };
		A4B4EC572C24130600C9EDCE /* ExUISearchBar.swift */ = {isa = PBXFileReference; lastKnownFileType = sourcecode.swift; path = ExUISearchBar.swift; sourceTree = "<group>"; };
		A4B4EC592C24156000C9EDCE /* PokemonListModel.swift */ = {isa = PBXFileReference; lastKnownFileType = sourcecode.swift; path = PokemonListModel.swift; sourceTree = "<group>"; };
		A4B4EC5E2C241D0900C9EDCE /* RequestManager.swift */ = {isa = PBXFileReference; lastKnownFileType = sourcecode.swift; path = RequestManager.swift; sourceTree = "<group>"; };
		A4B4EC602C241D5100C9EDCE /* JsonParserStrategy.swift */ = {isa = PBXFileReference; lastKnownFileType = sourcecode.swift; path = JsonParserStrategy.swift; sourceTree = "<group>"; };
		A4B4EC632C241D9000C9EDCE /* PokemonListParser.swift */ = {isa = PBXFileReference; lastKnownFileType = sourcecode.swift; path = PokemonListParser.swift; sourceTree = "<group>"; };
		A4B4EC672C241DF300C9EDCE /* DataLoadingProtocol.swift */ = {isa = PBXFileReference; lastKnownFileType = sourcecode.swift; path = DataLoadingProtocol.swift; sourceTree = "<group>"; };
		A4B4EC692C241E0500C9EDCE /* DataLoader.swift */ = {isa = PBXFileReference; lastKnownFileType = sourcecode.swift; path = DataLoader.swift; sourceTree = "<group>"; };
		A4B4EC6B2C241E2300C9EDCE /* LoadFileStrategy.swift */ = {isa = PBXFileReference; lastKnownFileType = sourcecode.swift; path = LoadFileStrategy.swift; sourceTree = "<group>"; };
		A4B4EC6D2C241E3D00C9EDCE /* ParseStrategy.swift */ = {isa = PBXFileReference; lastKnownFileType = sourcecode.swift; path = ParseStrategy.swift; sourceTree = "<group>"; };
		A4B4EC6F2C241F1300C9EDCE /* PokemonListLoader.swift */ = {isa = PBXFileReference; lastKnownFileType = sourcecode.swift; path = PokemonListLoader.swift; sourceTree = "<group>"; };
		A4B4EC712C2420A100C9EDCE /* JsonHelper.swift */ = {isa = PBXFileReference; lastKnownFileType = sourcecode.swift; path = JsonHelper.swift; sourceTree = "<group>"; };
		A4B4EC732C24250A00C9EDCE /* PokemonListViewModel.swift */ = {isa = PBXFileReference; lastKnownFileType = sourcecode.swift; path = PokemonListViewModel.swift; sourceTree = "<group>"; };
		A4B4EC782C2430A600C9EDCE /* pokemonDetail.json */ = {isa = PBXFileReference; lastKnownFileType = text.json; path = pokemonDetail.json; sourceTree = "<group>"; };
		A4B4EC792C2433AC00C9EDCE /* PokemonDetailModel.swift */ = {isa = PBXFileReference; lastKnownFileType = sourcecode.swift; path = PokemonDetailModel.swift; sourceTree = "<group>"; };
		A4B4EC7B2C24377700C9EDCE /* PokemonDetailViewModel.swift */ = {isa = PBXFileReference; lastKnownFileType = sourcecode.swift; path = PokemonDetailViewModel.swift; sourceTree = "<group>"; };
		A4B4EC7D2C2439C500C9EDCE /* PokemonDetailParser.swift */ = {isa = PBXFileReference; lastKnownFileType = sourcecode.swift; path = PokemonDetailParser.swift; sourceTree = "<group>"; };
		A4B4EC7F2C2439EE00C9EDCE /* PokemonDetailLoader.swift */ = {isa = PBXFileReference; lastKnownFileType = sourcecode.swift; path = PokemonDetailLoader.swift; sourceTree = "<group>"; };
		A4B4EC812C25195800C9EDCE /* PokemonTypeListModel.swift */ = {isa = PBXFileReference; lastKnownFileType = sourcecode.swift; path = PokemonTypeListModel.swift; sourceTree = "<group>"; };
		A4B4EC832C251A0000C9EDCE /* test.json */ = {isa = PBXFileReference; fileEncoding = 4; lastKnownFileType = text.json; path = test.json; sourceTree = "<group>"; };
		A4B4EC852C251ABC00C9EDCE /* PokemonTypeDetailModel.swift */ = {isa = PBXFileReference; lastKnownFileType = sourcecode.swift; path = PokemonTypeDetailModel.swift; sourceTree = "<group>"; };
		A4B4EC872C252D8B00C9EDCE /* PokemonTypeListLoader.swift */ = {isa = PBXFileReference; lastKnownFileType = sourcecode.swift; path = PokemonTypeListLoader.swift; sourceTree = "<group>"; };
		A4B4EC892C252D9A00C9EDCE /* PokemonTypeDetailLoader.swift */ = {isa = PBXFileReference; lastKnownFileType = sourcecode.swift; path = PokemonTypeDetailLoader.swift; sourceTree = "<group>"; };
		A4B4EC8B2C252DAA00C9EDCE /* PokemonTypeListParser.swift */ = {isa = PBXFileReference; lastKnownFileType = sourcecode.swift; path = PokemonTypeListParser.swift; sourceTree = "<group>"; };
		A4B4EC8D2C252DBC00C9EDCE /* PokemonTypeDetailParser.swift */ = {isa = PBXFileReference; lastKnownFileType = sourcecode.swift; path = PokemonTypeDetailParser.swift; sourceTree = "<group>"; };
		A4B4EC932C254A1000C9EDCE /* PokemonListLoaderTests.swift */ = {isa = PBXFileReference; lastKnownFileType = sourcecode.swift; path = PokemonListLoaderTests.swift; sourceTree = "<group>"; };
		A4B4EC952C254A1E00C9EDCE /* PokemonDetailLoaderTests.swift */ = {isa = PBXFileReference; lastKnownFileType = sourcecode.swift; path = PokemonDetailLoaderTests.swift; sourceTree = "<group>"; };
		A4B4EC972C254A2C00C9EDCE /* PokemonTypeListLoaderTests.swift */ = {isa = PBXFileReference; lastKnownFileType = sourcecode.swift; path = PokemonTypeListLoaderTests.swift; sourceTree = "<group>"; };
		A4B4EC992C254A3700C9EDCE /* PokemonTypeDetailLoaderTests.swift */ = {isa = PBXFileReference; lastKnownFileType = sourcecode.swift; path = PokemonTypeDetailLoaderTests.swift; sourceTree = "<group>"; };
		A4B4EC9B2C254A5D00C9EDCE /* PokemonTypeViewModel.swift */ = {isa = PBXFileReference; lastKnownFileType = sourcecode.swift; path = PokemonTypeViewModel.swift; sourceTree = "<group>"; };
		A4B4EC9F2C2566FE00C9EDCE /* PokemonListViewModelTests.swift */ = {isa = PBXFileReference; lastKnownFileType = sourcecode.swift; path = PokemonListViewModelTests.swift; sourceTree = "<group>"; };
		A4B4ECA12C25670700C9EDCE /* PokemonDetailViewModelTests.swift */ = {isa = PBXFileReference; lastKnownFileType = sourcecode.swift; path = PokemonDetailViewModelTests.swift; sourceTree = "<group>"; };
		A4B4ECA32C25671200C9EDCE /* PokemonTypeViewModelTests.swift */ = {isa = PBXFileReference; lastKnownFileType = sourcecode.swift; path = PokemonTypeViewModelTests.swift; sourceTree = "<group>"; };
		A4B4ECA62C259D2E00C9EDCE /* HomeNavigationHeader.swift */ = {isa = PBXFileReference; lastKnownFileType = sourcecode.swift; path = HomeNavigationHeader.swift; sourceTree = "<group>"; };
		A4B4ECA82C259D5600C9EDCE /* HomePokemonListCell.swift */ = {isa = PBXFileReference; lastKnownFileType = sourcecode.swift; path = HomePokemonListCell.swift; sourceTree = "<group>"; };
		A4B4ECAA2C259D6700C9EDCE /* HomePokemonGridCell.swift */ = {isa = PBXFileReference; lastKnownFileType = sourcecode.swift; path = HomePokemonGridCell.swift; sourceTree = "<group>"; };
		A4B4ECAC2C25A03700C9EDCE /* HomeNavigationModel.swift */ = {isa = PBXFileReference; lastKnownFileType = sourcecode.swift; path = HomeNavigationModel.swift; sourceTree = "<group>"; };
		A4B4ECAE2C25A74700C9EDCE /* HomePokemonListModel.swift */ = {isa = PBXFileReference; lastKnownFileType = sourcecode.swift; path = HomePokemonListModel.swift; sourceTree = "<group>"; };
		A4B4ECB22C25A8AC00C9EDCE /* ImageLoader.swift */ = {isa = PBXFileReference; lastKnownFileType = sourcecode.swift; path = ImageLoader.swift; sourceTree = "<group>"; };
		A4B4ECB42C25A90D00C9EDCE /* ImageLoaderTests.swift */ = {isa = PBXFileReference; lastKnownFileType = sourcecode.swift; path = ImageLoaderTests.swift; sourceTree = "<group>"; };
		A4B4ECB62C25A9F000C9EDCE /* DownloadImageViewModel.swift */ = {isa = PBXFileReference; lastKnownFileType = sourcecode.swift; path = DownloadImageViewModel.swift; sourceTree = "<group>"; };
		A4B4ECC22C266A8E00C9EDCE /* RealmPokemonModel.swift */ = {isa = PBXFileReference; lastKnownFileType = sourcecode.swift; path = RealmPokemonModel.swift; sourceTree = "<group>"; };
		A4B4ECC42C266B7F00C9EDCE /* RealmManager.swift */ = {isa = PBXFileReference; lastKnownFileType = sourcecode.swift; path = RealmManager.swift; sourceTree = "<group>"; };
/* End PBXFileReference section */

/* Begin PBXFrameworksBuildPhase section */
		A4A3AD982C240A10002F70D6 /* Frameworks */ = {
			isa = PBXFrameworksBuildPhase;
			buildActionMask = 2147483647;
			files = (
				A4B4ECCC2C266F2300C9EDCE /* RealmSwift in Frameworks */,
				A4B4ECBF2C26672800C9EDCE /* SnapKit in Frameworks */,
			);
			runOnlyForDeploymentPostprocessing = 0;
		};
		A4A3ADB12C240A11002F70D6 /* Frameworks */ = {
			isa = PBXFrameworksBuildPhase;
			buildActionMask = 2147483647;
			files = (
			);
			runOnlyForDeploymentPostprocessing = 0;
		};
		A4A3ADBB2C240A11002F70D6 /* Frameworks */ = {
			isa = PBXFrameworksBuildPhase;
			buildActionMask = 2147483647;
			files = (
			);
			runOnlyForDeploymentPostprocessing = 0;
		};
/* End PBXFrameworksBuildPhase section */

/* Begin PBXGroup section */
		A4A3AD922C240A10002F70D6 = {
			isa = PBXGroup;
			children = (
				A4A3AD9D2C240A10002F70D6 /* Pokemon */,
				A4A3ADB72C240A11002F70D6 /* PokemonTests */,
				A4A3ADC12C240A11002F70D6 /* PokemonUITests */,
				A4A3AD9C2C240A10002F70D6 /* Products */,
				A4B4ECC62C266F1E00C9EDCE /* Frameworks */,
			);
			sourceTree = "<group>";
		};
		A4A3AD9C2C240A10002F70D6 /* Products */ = {
			isa = PBXGroup;
			children = (
				A4A3AD9B2C240A10002F70D6 /* Pokemon.app */,
				A4A3ADB42C240A11002F70D6 /* PokemonTests.xctest */,
				A4A3ADBE2C240A11002F70D6 /* PokemonUITests.xctest */,
			);
			name = Products;
			sourceTree = "<group>";
		};
		A4A3AD9D2C240A10002F70D6 /* Pokemon */ = {
			isa = PBXGroup;
			children = (
				A4A3AD9E2C240A10002F70D6 /* AppDelegate.swift */,
				A4A3ADA02C240A10002F70D6 /* SceneDelegate.swift */,
				A4A3ADA42C240A10002F70D6 /* Main.storyboard */,
				A4A3ADAA2C240A11002F70D6 /* Assets.xcassets */,
				A4A3ADAC2C240A11002F70D6 /* LaunchScreen.storyboard */,
				A4A3ADAF2C240A11002F70D6 /* Info.plist */,
				A4A3ADA72C240A10002F70D6 /* Pokemon.xcdatamodeld */,
				A4B4EC332C240D3E00C9EDCE /* Resources */,
				A4B4EC342C240D4700C9EDCE /* Models */,
				A4B4EC352C240D4D00C9EDCE /* ViewModels */,
				A4B4EC362C240D5300C9EDCE /* Views */,
				A4B4EC372C240D6100C9EDCE /* Controllers */,
				A4B4EC382C240D6600C9EDCE /* Services */,
				A4B4EC392C240D7400C9EDCE /* Utilities */,
				A4B4EC3A2C240D7B00C9EDCE /* Helpers */,
				A4B4EC3B2C240D8400C9EDCE /* Extensions */,
			);
			path = Pokemon;
			sourceTree = "<group>";
		};
		A4A3ADB72C240A11002F70D6 /* PokemonTests */ = {
			isa = PBXGroup;
			children = (
				A4B4EC8F2C2549D500C9EDCE /* ViewModels */,
				A4B4EC902C2549DF00C9EDCE /* ServicesTests */,
			);
			path = PokemonTests;
			sourceTree = "<group>";
		};
		A4A3ADC12C240A11002F70D6 /* PokemonUITests */ = {
			isa = PBXGroup;
			children = (
				A4A3ADC22C240A11002F70D6 /* PokemonUITests.swift */,
				A4A3ADC42C240A11002F70D6 /* PokemonUITestsLaunchTests.swift */,
			);
			path = PokemonUITests;
			sourceTree = "<group>";
		};
		A4B4EC332C240D3E00C9EDCE /* Resources */ = {
			isa = PBXGroup;
			children = (
				A4B4EC752C24307E00C9EDCE /* Jsons */,
				A4B4EC3C2C240E3300C9EDCE /* Fonts */,
			);
			path = Resources;
			sourceTree = "<group>";
		};
		A4B4EC342C240D4700C9EDCE /* Models */ = {
			isa = PBXGroup;
			children = (
				A4B4ECC22C266A8E00C9EDCE /* RealmPokemonModel.swift */,
				A4B4EC592C24156000C9EDCE /* PokemonListModel.swift */,
				A4B4EC792C2433AC00C9EDCE /* PokemonDetailModel.swift */,
				A4B4EC812C25195800C9EDCE /* PokemonTypeListModel.swift */,
				A4B4EC852C251ABC00C9EDCE /* PokemonTypeDetailModel.swift */,
				A4B4ECAC2C25A03700C9EDCE /* HomeNavigationModel.swift */,
				A4B4ECAE2C25A74700C9EDCE /* HomePokemonListModel.swift */,
			);
			path = Models;
			sourceTree = "<group>";
		};
		A4B4EC352C240D4D00C9EDCE /* ViewModels */ = {
			isa = PBXGroup;
			children = (
				A4B4EC732C24250A00C9EDCE /* PokemonListViewModel.swift */,
				A4B4EC7B2C24377700C9EDCE /* PokemonDetailViewModel.swift */,
				A4B4EC9B2C254A5D00C9EDCE /* PokemonTypeViewModel.swift */,
				A4B4ECB62C25A9F000C9EDCE /* DownloadImageViewModel.swift */,
			);
			path = ViewModels;
			sourceTree = "<group>";
		};
		A4B4EC362C240D5300C9EDCE /* Views */ = {
			isa = PBXGroup;
			children = (
				A4B4ECA52C259D0100C9EDCE /* Cells */,
			);
			path = Views;
			sourceTree = "<group>";
		};
		A4B4EC372C240D6100C9EDCE /* Controllers */ = {
			isa = PBXGroup;
			children = (
				A4B4EC532C2411C600C9EDCE /* MainTabBarController.swift */,
				A4B4EC552C24123F00C9EDCE /* HomeViewController.swift */,
			);
			path = Controllers;
			sourceTree = "<group>";
		};
		A4B4EC382C240D6600C9EDCE /* Services */ = {
			isa = PBXGroup;
			children = (
				A4B4EC5B2C241CD400C9EDCE /* DataLoader */,
				A4B4EC5C2C241CEC00C9EDCE /* Parser */,
				A4B4EC5D2C241CF500C9EDCE /* RequestManager */,
			);
			path = Services;
			sourceTree = "<group>";
		};
		A4B4EC392C240D7400C9EDCE /* Utilities */ = {
			isa = PBXGroup;
			children = (
				A4B4EC4B2C24115E00C9EDCE /* FontFactory.swift */,
				A4B4EC4D2C24117600C9EDCE /* ColorFactory.swift */,
				A4B4EC4F2C24118600C9EDCE /* UIFactory.swift */,
				A4B4EC512C24119B00C9EDCE /* LanguageManager.swift */,
				A4B4ECC42C266B7F00C9EDCE /* RealmManager.swift */,
			);
			path = Utilities;
			sourceTree = "<group>";
		};
		A4B4EC3A2C240D7B00C9EDCE /* Helpers */ = {
			isa = PBXGroup;
			children = (
				A4B4EC432C240FA100C9EDCE /* DataErrors.swift */,
				A4B4EC712C2420A100C9EDCE /* JsonHelper.swift */,
				A4B4EC452C24111E00C9EDCE /* DateHelper.swift */,
				A4B4EC472C24112F00C9EDCE /* PrefHelper.swift */,
				A4B4EC492C24114200C9EDCE /* FileHelper.swift */,
			);
			path = Helpers;
			sourceTree = "<group>";
		};
		A4B4EC3B2C240D8400C9EDCE /* Extensions */ = {
			isa = PBXGroup;
			children = (
				A4B4EC3D2C240F5500C9EDCE /* ExColor.swift */,
				A4B4EC3F2C240F6A00C9EDCE /* ExImage.swift */,
				A4B4EC572C24130600C9EDCE /* ExUISearchBar.swift */,
				A4B4EC412C240F8300C9EDCE /* ExUIView.swift */,
			);
			path = Extensions;
			sourceTree = "<group>";
		};
		A4B4EC3C2C240E3300C9EDCE /* Fonts */ = {
			isa = PBXGroup;
			children = (
			);
			path = Fonts;
			sourceTree = "<group>";
		};
		A4B4EC5B2C241CD400C9EDCE /* DataLoader */ = {
			isa = PBXGroup;
			children = (
				A4B4EC672C241DF300C9EDCE /* DataLoadingProtocol.swift */,
				A4B4EC692C241E0500C9EDCE /* DataLoader.swift */,
				A4B4EC652C241DB200C9EDCE /* Strategies */,
				A4B4EC662C241DBC00C9EDCE /* Implementations */,
			);
			path = DataLoader;
			sourceTree = "<group>";
		};
		A4B4EC5C2C241CEC00C9EDCE /* Parser */ = {
			isa = PBXGroup;
			children = (
				A4B4EC602C241D5100C9EDCE /* JsonParserStrategy.swift */,
				A4B4EC622C241D6100C9EDCE /* Implements */,
			);
			path = Parser;
			sourceTree = "<group>";
		};
		A4B4EC5D2C241CF500C9EDCE /* RequestManager */ = {
			isa = PBXGroup;
			children = (
				A4B4EC5E2C241D0900C9EDCE /* RequestManager.swift */,
			);
			path = RequestManager;
			sourceTree = "<group>";
		};
		A4B4EC622C241D6100C9EDCE /* Implements */ = {
			isa = PBXGroup;
			children = (
				A4B4EC632C241D9000C9EDCE /* PokemonListParser.swift */,
				A4B4EC7D2C2439C500C9EDCE /* PokemonDetailParser.swift */,
				A4B4EC8B2C252DAA00C9EDCE /* PokemonTypeListParser.swift */,
				A4B4EC8D2C252DBC00C9EDCE /* PokemonTypeDetailParser.swift */,
			);
			path = Implements;
			sourceTree = "<group>";
		};
		A4B4EC652C241DB200C9EDCE /* Strategies */ = {
			isa = PBXGroup;
			children = (
				A4B4EC6B2C241E2300C9EDCE /* LoadFileStrategy.swift */,
				A4B4EC6D2C241E3D00C9EDCE /* ParseStrategy.swift */,
			);
			path = Strategies;
			sourceTree = "<group>";
		};
		A4B4EC662C241DBC00C9EDCE /* Implementations */ = {
			isa = PBXGroup;
			children = (
				A4B4EC6F2C241F1300C9EDCE /* PokemonListLoader.swift */,
				A4B4EC7F2C2439EE00C9EDCE /* PokemonDetailLoader.swift */,
				A4B4EC872C252D8B00C9EDCE /* PokemonTypeListLoader.swift */,
				A4B4EC892C252D9A00C9EDCE /* PokemonTypeDetailLoader.swift */,
				A4B4ECB22C25A8AC00C9EDCE /* ImageLoader.swift */,
			);
			path = Implementations;
			sourceTree = "<group>";
		};
		A4B4EC752C24307E00C9EDCE /* Jsons */ = {
			isa = PBXGroup;
			children = (
				A4B4EC782C2430A600C9EDCE /* pokemonDetail.json */,
				A4B4EC832C251A0000C9EDCE /* test.json */,
			);
			path = Jsons;
			sourceTree = "<group>";
		};
		A4B4EC8F2C2549D500C9EDCE /* ViewModels */ = {
			isa = PBXGroup;
			children = (
				A4B4EC9F2C2566FE00C9EDCE /* PokemonListViewModelTests.swift */,
				A4B4ECA12C25670700C9EDCE /* PokemonDetailViewModelTests.swift */,
				A4B4ECA32C25671200C9EDCE /* PokemonTypeViewModelTests.swift */,
			);
			path = ViewModels;
			sourceTree = "<group>";
		};
		A4B4EC902C2549DF00C9EDCE /* ServicesTests */ = {
			isa = PBXGroup;
			children = (
				A4B4EC912C2549E900C9EDCE /* DataLoader */,
			);
			path = ServicesTests;
			sourceTree = "<group>";
		};
		A4B4EC912C2549E900C9EDCE /* DataLoader */ = {
			isa = PBXGroup;
			children = (
				A4B4EC922C2549F000C9EDCE /* Implementations */,
			);
			path = DataLoader;
			sourceTree = "<group>";
		};
		A4B4EC922C2549F000C9EDCE /* Implementations */ = {
			isa = PBXGroup;
			children = (
				A4B4EC932C254A1000C9EDCE /* PokemonListLoaderTests.swift */,
				A4B4EC952C254A1E00C9EDCE /* PokemonDetailLoaderTests.swift */,
				A4B4EC972C254A2C00C9EDCE /* PokemonTypeListLoaderTests.swift */,
				A4B4EC992C254A3700C9EDCE /* PokemonTypeDetailLoaderTests.swift */,
				A4B4ECB42C25A90D00C9EDCE /* ImageLoaderTests.swift */,
			);
			path = Implementations;
			sourceTree = "<group>";
		};
		A4B4ECA52C259D0100C9EDCE /* Cells */ = {
			isa = PBXGroup;
			children = (
				A4B4ECA62C259D2E00C9EDCE /* HomeNavigationHeader.swift */,
				A4B4ECA82C259D5600C9EDCE /* HomePokemonListCell.swift */,
				A4B4ECAA2C259D6700C9EDCE /* HomePokemonGridCell.swift */,
			);
			path = Cells;
			sourceTree = "<group>";
		};
		A4B4ECC62C266F1E00C9EDCE /* Frameworks */ = {
			isa = PBXGroup;
			children = (
			);
			name = Frameworks;
			sourceTree = "<group>";
		};
/* End PBXGroup section */

/* Begin PBXNativeTarget section */
		A4A3AD9A2C240A10002F70D6 /* Pokemon */ = {
			isa = PBXNativeTarget;
			buildConfigurationList = A4A3ADC82C240A11002F70D6 /* Build configuration list for PBXNativeTarget "Pokemon" */;
			buildPhases = (
				A4A3AD972C240A10002F70D6 /* Sources */,
				A4A3AD982C240A10002F70D6 /* Frameworks */,
				A4A3AD992C240A10002F70D6 /* Resources */,
				A4B4ECCA2C266F1F00C9EDCE /* Embed Frameworks */,
			);
			buildRules = (
			);
			dependencies = (
			);
			name = Pokemon;
			packageProductDependencies = (
				A4B4ECBE2C26672800C9EDCE /* SnapKit */,
				A4B4ECCB2C266F2300C9EDCE /* RealmSwift */,
			);
			productName = Pokemon;
			productReference = A4A3AD9B2C240A10002F70D6 /* Pokemon.app */;
			productType = "com.apple.product-type.application";
		};
		A4A3ADB32C240A11002F70D6 /* PokemonTests */ = {
			isa = PBXNativeTarget;
			buildConfigurationList = A4A3ADCB2C240A11002F70D6 /* Build configuration list for PBXNativeTarget "PokemonTests" */;
			buildPhases = (
				A4A3ADB02C240A11002F70D6 /* Sources */,
				A4A3ADB12C240A11002F70D6 /* Frameworks */,
				A4A3ADB22C240A11002F70D6 /* Resources */,
				A4B4ECD12C26827600C9EDCE /* Embed Frameworks */,
			);
			buildRules = (
			);
			dependencies = (
				A4A3ADB62C240A11002F70D6 /* PBXTargetDependency */,
			);
			name = PokemonTests;
			packageProductDependencies = (
			);
			productName = PokemonTests;
			productReference = A4A3ADB42C240A11002F70D6 /* PokemonTests.xctest */;
			productType = "com.apple.product-type.bundle.unit-test";
		};
		A4A3ADBD2C240A11002F70D6 /* PokemonUITests */ = {
			isa = PBXNativeTarget;
			buildConfigurationList = A4A3ADCE2C240A11002F70D6 /* Build configuration list for PBXNativeTarget "PokemonUITests" */;
			buildPhases = (
				A4A3ADBA2C240A11002F70D6 /* Sources */,
				A4A3ADBB2C240A11002F70D6 /* Frameworks */,
				A4A3ADBC2C240A11002F70D6 /* Resources */,
			);
			buildRules = (
			);
			dependencies = (
				A4A3ADC02C240A11002F70D6 /* PBXTargetDependency */,
			);
			name = PokemonUITests;
			productName = PokemonUITests;
			productReference = A4A3ADBE2C240A11002F70D6 /* PokemonUITests.xctest */;
			productType = "com.apple.product-type.bundle.ui-testing";
		};
/* End PBXNativeTarget section */

/* Begin PBXProject section */
		A4A3AD932C240A10002F70D6 /* Project object */ = {
			isa = PBXProject;
			attributes = {
				BuildIndependentTargetsInParallel = 1;
				LastSwiftUpdateCheck = 1530;
				LastUpgradeCheck = 1530;
				TargetAttributes = {
					A4A3AD9A2C240A10002F70D6 = {
						CreatedOnToolsVersion = 15.3;
					};
					A4A3ADB32C240A11002F70D6 = {
						CreatedOnToolsVersion = 15.3;
						TestTargetID = A4A3AD9A2C240A10002F70D6;
					};
					A4A3ADBD2C240A11002F70D6 = {
						CreatedOnToolsVersion = 15.3;
						TestTargetID = A4A3AD9A2C240A10002F70D6;
					};
				};
			};
			buildConfigurationList = A4A3AD962C240A10002F70D6 /* Build configuration list for PBXProject "Pokemon" */;
			compatibilityVersion = "Xcode 14.0";
			developmentRegion = en;
			hasScannedForEncodings = 0;
			knownRegions = (
				en,
				Base,
			);
			mainGroup = A4A3AD922C240A10002F70D6;
			packageReferences = (
				A4B4ECB82C26669300C9EDCE /* XCRemoteSwiftPackageReference "realm-swift" */,
				A4B4ECBD2C26672800C9EDCE /* XCRemoteSwiftPackageReference "SnapKit" */,
			);
			productRefGroup = A4A3AD9C2C240A10002F70D6 /* Products */;
			projectDirPath = "";
			projectRoot = "";
			targets = (
				A4A3AD9A2C240A10002F70D6 /* Pokemon */,
				A4A3ADB32C240A11002F70D6 /* PokemonTests */,
				A4A3ADBD2C240A11002F70D6 /* PokemonUITests */,
			);
		};
/* End PBXProject section */

/* Begin PBXResourcesBuildPhase section */
		A4A3AD992C240A10002F70D6 /* Resources */ = {
			isa = PBXResourcesBuildPhase;
			buildActionMask = 2147483647;
			files = (
				A4A3ADAB2C240A11002F70D6 /* Assets.xcassets in Resources */,
				A4B4EC842C251A0000C9EDCE /* test.json in Resources */,
				A4A3ADAE2C240A11002F70D6 /* Base in Resources */,
				A4A3ADA62C240A10002F70D6 /* Base in Resources */,
			);
			runOnlyForDeploymentPostprocessing = 0;
		};
		A4A3ADB22C240A11002F70D6 /* Resources */ = {
			isa = PBXResourcesBuildPhase;
			buildActionMask = 2147483647;
			files = (
			);
			runOnlyForDeploymentPostprocessing = 0;
		};
		A4A3ADBC2C240A11002F70D6 /* Resources */ = {
			isa = PBXResourcesBuildPhase;
			buildActionMask = 2147483647;
			files = (
			);
			runOnlyForDeploymentPostprocessing = 0;
		};
/* End PBXResourcesBuildPhase section */

/* Begin PBXSourcesBuildPhase section */
		A4A3AD972C240A10002F70D6 /* Sources */ = {
			isa = PBXSourcesBuildPhase;
			buildActionMask = 2147483647;
			files = (
				A4B4EC582C24130600C9EDCE /* ExUISearchBar.swift in Sources */,
				A4B4EC612C241D5100C9EDCE /* JsonParserStrategy.swift in Sources */,
				A4B4ECB72C25A9F000C9EDCE /* DownloadImageViewModel.swift in Sources */,
				A4A3ADA92C240A10002F70D6 /* Pokemon.xcdatamodeld in Sources */,
				A4B4EC4E2C24117600C9EDCE /* ColorFactory.swift in Sources */,
				A4B4EC822C25195800C9EDCE /* PokemonTypeListModel.swift in Sources */,
				A4B4EC9C2C254A5D00C9EDCE /* PokemonTypeViewModel.swift in Sources */,
				A4B4EC562C24123F00C9EDCE /* HomeViewController.swift in Sources */,
				A4B4EC882C252D8B00C9EDCE /* PokemonTypeListLoader.swift in Sources */,
				A4B4EC7A2C2433AC00C9EDCE /* PokemonDetailModel.swift in Sources */,
				A4B4ECAD2C25A03700C9EDCE /* HomeNavigationModel.swift in Sources */,
				A4B4EC442C240FA100C9EDCE /* DataErrors.swift in Sources */,
				A4B4EC862C251ABC00C9EDCE /* PokemonTypeDetailModel.swift in Sources */,
				A4B4ECAF2C25A74700C9EDCE /* HomePokemonListModel.swift in Sources */,
				A4B4EC682C241DF300C9EDCE /* DataLoadingProtocol.swift in Sources */,
				A4B4EC702C241F1300C9EDCE /* PokemonListLoader.swift in Sources */,
				A4B4EC502C24118600C9EDCE /* UIFactory.swift in Sources */,
				A4B4ECAB2C259D6700C9EDCE /* HomePokemonGridCell.swift in Sources */,
				A4B4ECC32C266A8E00C9EDCE /* RealmPokemonModel.swift in Sources */,
				A4B4EC8C2C252DAA00C9EDCE /* PokemonTypeListParser.swift in Sources */,
				A4B4ECA72C259D2E00C9EDCE /* HomeNavigationHeader.swift in Sources */,
				A4B4EC642C241D9000C9EDCE /* PokemonListParser.swift in Sources */,
				A4B4EC4C2C24115E00C9EDCE /* FontFactory.swift in Sources */,
				A4B4EC422C240F8300C9EDCE /* ExUIView.swift in Sources */,
				A4B4EC4A2C24114200C9EDCE /* FileHelper.swift in Sources */,
				A4B4EC482C24112F00C9EDCE /* PrefHelper.swift in Sources */,
				A4B4EC522C24119B00C9EDCE /* LanguageManager.swift in Sources */,
				A4B4EC542C2411C600C9EDCE /* MainTabBarController.swift in Sources */,
				A4B4EC742C24250A00C9EDCE /* PokemonListViewModel.swift in Sources */,
				A4B4EC8A2C252D9A00C9EDCE /* PokemonTypeDetailLoader.swift in Sources */,
				A4B4EC722C2420A100C9EDCE /* JsonHelper.swift in Sources */,
				A4B4EC402C240F6A00C9EDCE /* ExImage.swift in Sources */,
				A4B4EC5A2C24156000C9EDCE /* PokemonListModel.swift in Sources */,
				A4B4EC5F2C241D0900C9EDCE /* RequestManager.swift in Sources */,
				A4B4ECB32C25A8AC00C9EDCE /* ImageLoader.swift in Sources */,
				A4A3AD9F2C240A10002F70D6 /* AppDelegate.swift in Sources */,
				A4B4EC802C2439EE00C9EDCE /* PokemonDetailLoader.swift in Sources */,
				A4B4EC7C2C24377700C9EDCE /* PokemonDetailViewModel.swift in Sources */,
				A4B4EC6A2C241E0500C9EDCE /* DataLoader.swift in Sources */,
				A4B4EC462C24111E00C9EDCE /* DateHelper.swift in Sources */,
				A4B4EC3E2C240F5500C9EDCE /* ExColor.swift in Sources */,
				A4B4ECC52C266B7F00C9EDCE /* RealmManager.swift in Sources */,
				A4A3ADA12C240A10002F70D6 /* SceneDelegate.swift in Sources */,
				A4B4EC6E2C241E3D00C9EDCE /* ParseStrategy.swift in Sources */,
				A4B4EC8E2C252DBC00C9EDCE /* PokemonTypeDetailParser.swift in Sources */,
				A4B4EC6C2C241E2300C9EDCE /* LoadFileStrategy.swift in Sources */,
				A4B4EC7E2C2439C500C9EDCE /* PokemonDetailParser.swift in Sources */,
				A4B4ECA92C259D5600C9EDCE /* HomePokemonListCell.swift in Sources */,
			);
			runOnlyForDeploymentPostprocessing = 0;
		};
		A4A3ADB02C240A11002F70D6 /* Sources */ = {
			isa = PBXSourcesBuildPhase;
			buildActionMask = 2147483647;
			files = (
				A4B4ECA42C25671200C9EDCE /* PokemonTypeViewModelTests.swift in Sources */,
				A4B4EC982C254A2C00C9EDCE /* PokemonTypeListLoaderTests.swift in Sources */,
				A4B4ECA22C25670700C9EDCE /* PokemonDetailViewModelTests.swift in Sources */,
				A4B4ECA02C2566FE00C9EDCE /* PokemonListViewModelTests.swift in Sources */,
				A4B4EC942C254A1000C9EDCE /* PokemonListLoaderTests.swift in Sources */,
				A4B4ECB52C25A90D00C9EDCE /* ImageLoaderTests.swift in Sources */,
				A4B4EC962C254A1E00C9EDCE /* PokemonDetailLoaderTests.swift in Sources */,
				A4B4EC9A2C254A3700C9EDCE /* PokemonTypeDetailLoaderTests.swift in Sources */,
			);
			runOnlyForDeploymentPostprocessing = 0;
		};
		A4A3ADBA2C240A11002F70D6 /* Sources */ = {
			isa = PBXSourcesBuildPhase;
			buildActionMask = 2147483647;
			files = (
				A4A3ADC52C240A11002F70D6 /* PokemonUITestsLaunchTests.swift in Sources */,
				A4A3ADC32C240A11002F70D6 /* PokemonUITests.swift in Sources */,
			);
			runOnlyForDeploymentPostprocessing = 0;
		};
/* End PBXSourcesBuildPhase section */

/* Begin PBXTargetDependency section */
		A4A3ADB62C240A11002F70D6 /* PBXTargetDependency */ = {
			isa = PBXTargetDependency;
			target = A4A3AD9A2C240A10002F70D6 /* Pokemon */;
			targetProxy = A4A3ADB52C240A11002F70D6 /* PBXContainerItemProxy */;
		};
		A4A3ADC02C240A11002F70D6 /* PBXTargetDependency */ = {
			isa = PBXTargetDependency;
			target = A4A3AD9A2C240A10002F70D6 /* Pokemon */;
			targetProxy = A4A3ADBF2C240A11002F70D6 /* PBXContainerItemProxy */;
		};
/* End PBXTargetDependency section */

/* Begin PBXVariantGroup section */
		A4A3ADA42C240A10002F70D6 /* Main.storyboard */ = {
			isa = PBXVariantGroup;
			children = (
				A4A3ADA52C240A10002F70D6 /* Base */,
			);
			name = Main.storyboard;
			sourceTree = "<group>";
		};
		A4A3ADAC2C240A11002F70D6 /* LaunchScreen.storyboard */ = {
			isa = PBXVariantGroup;
			children = (
				A4A3ADAD2C240A11002F70D6 /* Base */,
			);
			name = LaunchScreen.storyboard;
			sourceTree = "<group>";
		};
/* End PBXVariantGroup section */

/* Begin XCBuildConfiguration section */
		A4A3ADC62C240A11002F70D6 /* Debug */ = {
			isa = XCBuildConfiguration;
			buildSettings = {
				ALWAYS_SEARCH_USER_PATHS = NO;
				ASSETCATALOG_COMPILER_GENERATE_SWIFT_ASSET_SYMBOL_EXTENSIONS = YES;
				CLANG_ANALYZER_NONNULL = YES;
				CLANG_ANALYZER_NUMBER_OBJECT_CONVERSION = YES_AGGRESSIVE;
				CLANG_CXX_LANGUAGE_STANDARD = "gnu++20";
				CLANG_ENABLE_MODULES = YES;
				CLANG_ENABLE_OBJC_ARC = YES;
				CLANG_ENABLE_OBJC_WEAK = YES;
				CLANG_WARN_BLOCK_CAPTURE_AUTORELEASING = YES;
				CLANG_WARN_BOOL_CONVERSION = YES;
				CLANG_WARN_COMMA = YES;
				CLANG_WARN_CONSTANT_CONVERSION = YES;
				CLANG_WARN_DEPRECATED_OBJC_IMPLEMENTATIONS = YES;
				CLANG_WARN_DIRECT_OBJC_ISA_USAGE = YES_ERROR;
				CLANG_WARN_DOCUMENTATION_COMMENTS = YES;
				CLANG_WARN_EMPTY_BODY = YES;
				CLANG_WARN_ENUM_CONVERSION = YES;
				CLANG_WARN_INFINITE_RECURSION = YES;
				CLANG_WARN_INT_CONVERSION = YES;
				CLANG_WARN_NON_LITERAL_NULL_CONVERSION = YES;
				CLANG_WARN_OBJC_IMPLICIT_RETAIN_SELF = YES;
				CLANG_WARN_OBJC_LITERAL_CONVERSION = YES;
				CLANG_WARN_OBJC_ROOT_CLASS = YES_ERROR;
				CLANG_WARN_QUOTED_INCLUDE_IN_FRAMEWORK_HEADER = YES;
				CLANG_WARN_RANGE_LOOP_ANALYSIS = YES;
				CLANG_WARN_STRICT_PROTOTYPES = YES;
				CLANG_WARN_SUSPICIOUS_MOVE = YES;
				CLANG_WARN_UNGUARDED_AVAILABILITY = YES_AGGRESSIVE;
				CLANG_WARN_UNREACHABLE_CODE = YES;
				CLANG_WARN__DUPLICATE_METHOD_MATCH = YES;
				COPY_PHASE_STRIP = NO;
				DEBUG_INFORMATION_FORMAT = dwarf;
				ENABLE_STRICT_OBJC_MSGSEND = YES;
				ENABLE_TESTABILITY = YES;
				ENABLE_USER_SCRIPT_SANDBOXING = YES;
				GCC_C_LANGUAGE_STANDARD = gnu17;
				GCC_DYNAMIC_NO_PIC = NO;
				GCC_NO_COMMON_BLOCKS = YES;
				GCC_OPTIMIZATION_LEVEL = 0;
				GCC_PREPROCESSOR_DEFINITIONS = (
					"DEBUG=1",
					"$(inherited)",
				);
				GCC_WARN_64_TO_32_BIT_CONVERSION = YES;
				GCC_WARN_ABOUT_RETURN_TYPE = YES_ERROR;
				GCC_WARN_UNDECLARED_SELECTOR = YES;
				GCC_WARN_UNINITIALIZED_AUTOS = YES_AGGRESSIVE;
				GCC_WARN_UNUSED_FUNCTION = YES;
				GCC_WARN_UNUSED_VARIABLE = YES;
				IPHONEOS_DEPLOYMENT_TARGET = 17.4;
				LOCALIZATION_PREFERS_STRING_CATALOGS = YES;
				MTL_ENABLE_DEBUG_INFO = INCLUDE_SOURCE;
				MTL_FAST_MATH = YES;
				ONLY_ACTIVE_ARCH = YES;
				SDKROOT = iphoneos;
				SWIFT_ACTIVE_COMPILATION_CONDITIONS = "DEBUG $(inherited)";
				SWIFT_OPTIMIZATION_LEVEL = "-Onone";
			};
			name = Debug;
		};
		A4A3ADC72C240A11002F70D6 /* Release */ = {
			isa = XCBuildConfiguration;
			buildSettings = {
				ALWAYS_SEARCH_USER_PATHS = NO;
				ASSETCATALOG_COMPILER_GENERATE_SWIFT_ASSET_SYMBOL_EXTENSIONS = YES;
				CLANG_ANALYZER_NONNULL = YES;
				CLANG_ANALYZER_NUMBER_OBJECT_CONVERSION = YES_AGGRESSIVE;
				CLANG_CXX_LANGUAGE_STANDARD = "gnu++20";
				CLANG_ENABLE_MODULES = YES;
				CLANG_ENABLE_OBJC_ARC = YES;
				CLANG_ENABLE_OBJC_WEAK = YES;
				CLANG_WARN_BLOCK_CAPTURE_AUTORELEASING = YES;
				CLANG_WARN_BOOL_CONVERSION = YES;
				CLANG_WARN_COMMA = YES;
				CLANG_WARN_CONSTANT_CONVERSION = YES;
				CLANG_WARN_DEPRECATED_OBJC_IMPLEMENTATIONS = YES;
				CLANG_WARN_DIRECT_OBJC_ISA_USAGE = YES_ERROR;
				CLANG_WARN_DOCUMENTATION_COMMENTS = YES;
				CLANG_WARN_EMPTY_BODY = YES;
				CLANG_WARN_ENUM_CONVERSION = YES;
				CLANG_WARN_INFINITE_RECURSION = YES;
				CLANG_WARN_INT_CONVERSION = YES;
				CLANG_WARN_NON_LITERAL_NULL_CONVERSION = YES;
				CLANG_WARN_OBJC_IMPLICIT_RETAIN_SELF = YES;
				CLANG_WARN_OBJC_LITERAL_CONVERSION = YES;
				CLANG_WARN_OBJC_ROOT_CLASS = YES_ERROR;
				CLANG_WARN_QUOTED_INCLUDE_IN_FRAMEWORK_HEADER = YES;
				CLANG_WARN_RANGE_LOOP_ANALYSIS = YES;
				CLANG_WARN_STRICT_PROTOTYPES = YES;
				CLANG_WARN_SUSPICIOUS_MOVE = YES;
				CLANG_WARN_UNGUARDED_AVAILABILITY = YES_AGGRESSIVE;
				CLANG_WARN_UNREACHABLE_CODE = YES;
				CLANG_WARN__DUPLICATE_METHOD_MATCH = YES;
				COPY_PHASE_STRIP = NO;
				DEBUG_INFORMATION_FORMAT = "dwarf-with-dsym";
				ENABLE_NS_ASSERTIONS = NO;
				ENABLE_STRICT_OBJC_MSGSEND = YES;
				ENABLE_USER_SCRIPT_SANDBOXING = YES;
				GCC_C_LANGUAGE_STANDARD = gnu17;
				GCC_NO_COMMON_BLOCKS = YES;
				GCC_WARN_64_TO_32_BIT_CONVERSION = YES;
				GCC_WARN_ABOUT_RETURN_TYPE = YES_ERROR;
				GCC_WARN_UNDECLARED_SELECTOR = YES;
				GCC_WARN_UNINITIALIZED_AUTOS = YES_AGGRESSIVE;
				GCC_WARN_UNUSED_FUNCTION = YES;
				GCC_WARN_UNUSED_VARIABLE = YES;
				IPHONEOS_DEPLOYMENT_TARGET = 17.4;
				LOCALIZATION_PREFERS_STRING_CATALOGS = YES;
				MTL_ENABLE_DEBUG_INFO = NO;
				MTL_FAST_MATH = YES;
				SDKROOT = iphoneos;
				SWIFT_COMPILATION_MODE = wholemodule;
				VALIDATE_PRODUCT = YES;
			};
			name = Release;
		};
		A4A3ADC92C240A11002F70D6 /* Debug */ = {
			isa = XCBuildConfiguration;
			buildSettings = {
				ASSETCATALOG_COMPILER_APPICON_NAME = AppIcon;
				ASSETCATALOG_COMPILER_GLOBAL_ACCENT_COLOR_NAME = AccentColor;
				CODE_SIGN_STYLE = Automatic;
				CURRENT_PROJECT_VERSION = 1;
				DEVELOPMENT_TEAM = S89Z92E5EE;
				GENERATE_INFOPLIST_FILE = YES;
				INFOPLIST_FILE = Pokemon/Info.plist;
				INFOPLIST_KEY_UIApplicationSupportsIndirectInputEvents = YES;
				INFOPLIST_KEY_UILaunchStoryboardName = LaunchScreen;
				INFOPLIST_KEY_UIMainStoryboardFile = Main;
				INFOPLIST_KEY_UISupportedInterfaceOrientations = UIInterfaceOrientationPortrait;
				INFOPLIST_KEY_UISupportedInterfaceOrientations_iPad = "UIInterfaceOrientationPortrait UIInterfaceOrientationPortraitUpsideDown";
				IPHONEOS_DEPLOYMENT_TARGET = 16.0;
				LD_RUNPATH_SEARCH_PATHS = (
					"$(inherited)",
					"@executable_path/Frameworks",
				);
				MARKETING_VERSION = 1.0;
				PRODUCT_BUNDLE_IDENTIFIER = ios.work.Pokemon;
				PRODUCT_NAME = "$(TARGET_NAME)";
				SWIFT_EMIT_LOC_STRINGS = YES;
				SWIFT_VERSION = 5.0;
				TARGETED_DEVICE_FAMILY = "1,2";
			};
			name = Debug;
		};
		A4A3ADCA2C240A11002F70D6 /* Release */ = {
			isa = XCBuildConfiguration;
			buildSettings = {
				ASSETCATALOG_COMPILER_APPICON_NAME = AppIcon;
				ASSETCATALOG_COMPILER_GLOBAL_ACCENT_COLOR_NAME = AccentColor;
				CODE_SIGN_STYLE = Automatic;
				CURRENT_PROJECT_VERSION = 1;
				DEVELOPMENT_TEAM = S89Z92E5EE;
				GENERATE_INFOPLIST_FILE = YES;
				INFOPLIST_FILE = Pokemon/Info.plist;
				INFOPLIST_KEY_UIApplicationSupportsIndirectInputEvents = YES;
				INFOPLIST_KEY_UILaunchStoryboardName = LaunchScreen;
				INFOPLIST_KEY_UIMainStoryboardFile = Main;
				INFOPLIST_KEY_UISupportedInterfaceOrientations = UIInterfaceOrientationPortrait;
				INFOPLIST_KEY_UISupportedInterfaceOrientations_iPad = "UIInterfaceOrientationPortrait UIInterfaceOrientationPortraitUpsideDown";
				IPHONEOS_DEPLOYMENT_TARGET = 16.0;
				LD_RUNPATH_SEARCH_PATHS = (
					"$(inherited)",
					"@executable_path/Frameworks",
				);
				MARKETING_VERSION = 1.0;
				PRODUCT_BUNDLE_IDENTIFIER = ios.work.Pokemon;
				PRODUCT_NAME = "$(TARGET_NAME)";
				SWIFT_EMIT_LOC_STRINGS = YES;
				SWIFT_VERSION = 5.0;
				TARGETED_DEVICE_FAMILY = "1,2";
			};
			name = Release;
		};
		A4A3ADCC2C240A11002F70D6 /* Debug */ = {
			isa = XCBuildConfiguration;
			buildSettings = {
				ALWAYS_EMBED_SWIFT_STANDARD_LIBRARIES = YES;
				BUNDLE_LOADER = "$(TEST_HOST)";
				CODE_SIGN_STYLE = Automatic;
				CURRENT_PROJECT_VERSION = 1;
				DEVELOPMENT_TEAM = S89Z92E5EE;
				GENERATE_INFOPLIST_FILE = YES;
				IPHONEOS_DEPLOYMENT_TARGET = 17.4;
				MARKETING_VERSION = 1.0;
				PRODUCT_BUNDLE_IDENTIFIER = ios.work.PokemonTests;
				PRODUCT_NAME = "$(TARGET_NAME)";
				SWIFT_EMIT_LOC_STRINGS = NO;
				SWIFT_VERSION = 5.0;
				TARGETED_DEVICE_FAMILY = "1,2";
				TEST_HOST = "$(BUILT_PRODUCTS_DIR)/Pokemon.app/$(BUNDLE_EXECUTABLE_FOLDER_PATH)/Pokemon";
			};
			name = Debug;
		};
		A4A3ADCD2C240A11002F70D6 /* Release */ = {
			isa = XCBuildConfiguration;
			buildSettings = {
				ALWAYS_EMBED_SWIFT_STANDARD_LIBRARIES = YES;
				BUNDLE_LOADER = "$(TEST_HOST)";
				CODE_SIGN_STYLE = Automatic;
				CURRENT_PROJECT_VERSION = 1;
				DEVELOPMENT_TEAM = S89Z92E5EE;
				GENERATE_INFOPLIST_FILE = YES;
				IPHONEOS_DEPLOYMENT_TARGET = 17.4;
				MARKETING_VERSION = 1.0;
				PRODUCT_BUNDLE_IDENTIFIER = ios.work.PokemonTests;
				PRODUCT_NAME = "$(TARGET_NAME)";
				SWIFT_EMIT_LOC_STRINGS = NO;
				SWIFT_VERSION = 5.0;
				TARGETED_DEVICE_FAMILY = "1,2";
				TEST_HOST = "$(BUILT_PRODUCTS_DIR)/Pokemon.app/$(BUNDLE_EXECUTABLE_FOLDER_PATH)/Pokemon";
			};
			name = Release;
		};
		A4A3ADCF2C240A11002F70D6 /* Debug */ = {
			isa = XCBuildConfiguration;
			buildSettings = {
				ALWAYS_EMBED_SWIFT_STANDARD_LIBRARIES = YES;
				CODE_SIGN_STYLE = Automatic;
				CURRENT_PROJECT_VERSION = 1;
				DEVELOPMENT_TEAM = S89Z92E5EE;
				GENERATE_INFOPLIST_FILE = YES;
				MARKETING_VERSION = 1.0;
				PRODUCT_BUNDLE_IDENTIFIER = ios.work.PokemonUITests;
				PRODUCT_NAME = "$(TARGET_NAME)";
				SWIFT_EMIT_LOC_STRINGS = NO;
				SWIFT_VERSION = 5.0;
				TARGETED_DEVICE_FAMILY = "1,2";
				TEST_TARGET_NAME = Pokemon;
			};
			name = Debug;
		};
		A4A3ADD02C240A11002F70D6 /* Release */ = {
			isa = XCBuildConfiguration;
			buildSettings = {
				ALWAYS_EMBED_SWIFT_STANDARD_LIBRARIES = YES;
				CODE_SIGN_STYLE = Automatic;
				CURRENT_PROJECT_VERSION = 1;
				DEVELOPMENT_TEAM = S89Z92E5EE;
				GENERATE_INFOPLIST_FILE = YES;
				MARKETING_VERSION = 1.0;
				PRODUCT_BUNDLE_IDENTIFIER = ios.work.PokemonUITests;
				PRODUCT_NAME = "$(TARGET_NAME)";
				SWIFT_EMIT_LOC_STRINGS = NO;
				SWIFT_VERSION = 5.0;
				TARGETED_DEVICE_FAMILY = "1,2";
				TEST_TARGET_NAME = Pokemon;
			};
			name = Release;
		};
/* End XCBuildConfiguration section */

/* Begin XCConfigurationList section */
		A4A3AD962C240A10002F70D6 /* Build configuration list for PBXProject "Pokemon" */ = {
			isa = XCConfigurationList;
			buildConfigurations = (
				A4A3ADC62C240A11002F70D6 /* Debug */,
				A4A3ADC72C240A11002F70D6 /* Release */,
			);
			defaultConfigurationIsVisible = 0;
			defaultConfigurationName = Release;
		};
		A4A3ADC82C240A11002F70D6 /* Build configuration list for PBXNativeTarget "Pokemon" */ = {
			isa = XCConfigurationList;
			buildConfigurations = (
				A4A3ADC92C240A11002F70D6 /* Debug */,
				A4A3ADCA2C240A11002F70D6 /* Release */,
			);
			defaultConfigurationIsVisible = 0;
			defaultConfigurationName = Release;
		};
		A4A3ADCB2C240A11002F70D6 /* Build configuration list for PBXNativeTarget "PokemonTests" */ = {
			isa = XCConfigurationList;
			buildConfigurations = (
				A4A3ADCC2C240A11002F70D6 /* Debug */,
				A4A3ADCD2C240A11002F70D6 /* Release */,
			);
			defaultConfigurationIsVisible = 0;
			defaultConfigurationName = Release;
		};
		A4A3ADCE2C240A11002F70D6 /* Build configuration list for PBXNativeTarget "PokemonUITests" */ = {
			isa = XCConfigurationList;
			buildConfigurations = (
				A4A3ADCF2C240A11002F70D6 /* Debug */,
				A4A3ADD02C240A11002F70D6 /* Release */,
			);
			defaultConfigurationIsVisible = 0;
			defaultConfigurationName = Release;
		};
/* End XCConfigurationList section */

/* Begin XCRemoteSwiftPackageReference section */
		A4B4ECB82C26669300C9EDCE /* XCRemoteSwiftPackageReference "realm-swift" */ = {
			isa = XCRemoteSwiftPackageReference;
			repositoryURL = "https://github.com/realm/realm-swift.git";
			requirement = {
				branch = master;
				kind = branch;
			};
		};
		A4B4ECBD2C26672800C9EDCE /* XCRemoteSwiftPackageReference "SnapKit" */ = {
			isa = XCRemoteSwiftPackageReference;
			repositoryURL = "https://github.com/SnapKit/SnapKit.git";
			requirement = {
				kind = upToNextMajorVersion;
				minimumVersion = 5.7.1;
			};
		};
/* End XCRemoteSwiftPackageReference section */

/* Begin XCSwiftPackageProductDependency section */
		A4B4ECBE2C26672800C9EDCE /* SnapKit */ = {
			isa = XCSwiftPackageProductDependency;
			package = A4B4ECBD2C26672800C9EDCE /* XCRemoteSwiftPackageReference "SnapKit" */;
			productName = SnapKit;
		};
		A4B4ECCB2C266F2300C9EDCE /* RealmSwift */ = {
			isa = XCSwiftPackageProductDependency;
			package = A4B4ECB82C26669300C9EDCE /* XCRemoteSwiftPackageReference "realm-swift" */;
			productName = RealmSwift;
		};
/* End XCSwiftPackageProductDependency section */

/* Begin XCVersionGroup section */
		A4A3ADA72C240A10002F70D6 /* Pokemon.xcdatamodeld */ = {
			isa = XCVersionGroup;
			children = (
				A4A3ADA82C240A10002F70D6 /* Pokemon.xcdatamodel */,
			);
			currentVersion = A4A3ADA82C240A10002F70D6 /* Pokemon.xcdatamodel */;
			path = Pokemon.xcdatamodeld;
			sourceTree = "<group>";
			versionGroupType = wrapper.xcdatamodel;
		};
/* End XCVersionGroup section */
	};
	rootObject = A4A3AD932C240A10002F70D6 /* Project object */;
}
